
Microsoft Visual Studio Solution File, Format Version 12.00
# Visual Studio 15
VisualStudioVersion = 15.0.27130.2036
MinimumVisualStudioVersion = 10.0.40219.1
Project("{FAE04EC0-301F-11D3-BF4B-00C04F79EFBC}") = "FormatSystemApp", "FormatSystemApp\FormatSystemApp.csproj", "{37E34835-E9C5-4678-8E16-C26B23636EE5}"
EndProject
Global
	GlobalSection(SolutionConfigurationPlatforms) = preSolution
		Debug|Any CPU = Debug|Any CPU
		Release|Any CPU = Release|Any CPU
	EndGlobalSection
	GlobalSection(ProjectConfigurationPlatforms) = postSolution
		{37E34835-E9C5-4678-8E16-C26B23636EE5}.Debug|Any CPU.ActiveCfg = Debug|Any CPU
		{37E34835-E9C5-4678-8E16-C26B23636EE5}.Debug|Any CPU.Build.0 = Debug|Any CPU
		{37E34835-E9C5-4678-8E16-C26B23636EE5}.Release|Any CPU.ActiveCfg = Release|Any CPU
		{37E34835-E9C5-4678-8E16-C26B23636EE5}.Release|Any CPU.Build.0 = Release|Any CPU
	EndGlobalSection
	GlobalSection(SolutionProperties) = preSolution
		HideSolutionNode = FALSE
	EndGlobalSection
	GlobalSection(ExtensibilityGlobals) = postSolution
		SolutionGuid = {ED46B432-3ABC-447B-A4FE-31342E684CA0}
	EndGlobalSection
EndGlobal
